
Microsoft Visual Studio Solution File, Format Version 12.00
# Visual Studio Version 17
VisualStudioVersion = 17.0.32112.339
MinimumVisualStudioVersion = 10.0.40219.1
Project("{888888A0-9F3D-457C-B088-3A5042F75D52}") = "CalculatorPython", "CalculatorPython\CalculatorPython.pyproj", "{BF2DE5E7-210C-4A89-8D87-7D56B198A174}"
EndProject
Global
	GlobalSection(SolutionConfigurationPlatforms) = preSolution
		Debug|Any CPU = Debug|Any CPU
		Release|Any CPU = Release|Any CPU
	EndGlobalSection
	GlobalSection(ProjectConfigurationPlatforms) = postSolution
		{BF2DE5E7-210C-4A89-8D87-7D56B198A174}.Debug|Any CPU.ActiveCfg = Debug|Any CPU
		{BF2DE5E7-210C-4A89-8D87-7D56B198A174}.Release|Any CPU.ActiveCfg = Release|Any CPU
	EndGlobalSection
	GlobalSection(SolutionProperties) = preSolution
		HideSolutionNode = FALSE
	EndGlobalSection
	GlobalSection(ExtensibilityGlobals) = postSolution
		SolutionGuid = {7FC618DE-5087-4F33-BA78-9B1EFB23D37C}
	EndGlobalSection
EndGlobal
